{
  "object": {
    "pins": [
      {
        "package": "Aesthete",
        "repositoryURL": "https://github.com/dunesailer/Aesthete.git",
        "state": {
          "branch": null,
          "revision": "8404ee92c0970fddbcf0d6b2428258100f229d30",
          "version": "0.4.1"
        }
      },
      {
        "package": "Dunesailer Utilities",
        "repositoryURL": "https://github.com/dunesailer/Utilities.git",
        "state": {
          "branch": null,
          "revision": "ae8dca65655f809fdd3734a6cbb3d82fcd7920bd",
          "version": "0.9.2"
        }
      }
    ]
  },
  "version": 1
}
