{
  "object": {
    "pins": [
      {
        "package": "Aesthete",
        "repositoryURL": "https://github.com/dunesailer/Aesthete.git",
        "state": {
          "branch": null,
          "revision": "8167309e2c42bc34001a61c2277651c30d0e3aaa",
          "version": "1.2.0"
        }
      },
      {
        "package": "Utilities",
        "repositoryURL": "https://github.com/dunesailer/Utilities.git",
        "state": {
          "branch": null,
          "revision": "ff130ed7342410a41286d1897b438851aadbcfc0",
          "version": "2.0.6"
        }
      }
    ]
  },
  "version": 1
}
